{
  "name": "eco-trivia",
  "version": "1.0.0",
  "lockfileVersion": 3,
  "requires": true,
  "packages": {
    "": {
      "name": "eco-trivia",
      "version": "1.0.0",
      "license": "UNLICENSED",
      "workspaces": [
        "packages/*"
      ]
    },
    "node_modules/@eco-trivia/frontend": {
      "resolved": "packages/frontend",
      "link": true
    },
    "node_modules/@eco-trivia/shared": {
      "resolved": "packages/shared",
      "link": true
    },
    "packages/frontend": {
      "name": "@eco-trivia/frontend",
      "version": "1.0.0",
      "license": "UNLICENSED"
    },
    "packages/shared": {
      "name": "@eco-trivia/shared",
      "version": "1.0.0",
      "license": "UNLICENSED"
    }
  }
}
